
Microsoft Visual Studio Solution File, Format Version 12.00
# Visual Studio Version 16
VisualStudioVersion = 16.0.30804.86
MinimumVisualStudioVersion = 10.0.40219.1
Project("{9A19103F-16F7-4668-BE54-9A1E7A4F7556}") = "MES.API", "MES.API\MES.API.csproj", "{FBC22FF0-829F-4D03-9DC5-E6E6ED4D23A5}"
EndProject
Project("{9A19103F-16F7-4668-BE54-9A1E7A4F7556}") = "MES.DB", "MES.DB\MES.DB.csproj", "{C2C556EF-5411-4436-82F5-4F7E2CF1461E}"
EndProject
Project("{9A19103F-16F7-4668-BE54-9A1E7A4F7556}") = "MES.Data", "MES.Data\MES.Data.csproj", "{7ADDAB74-CF03-4C45-95F2-821E4D427CF9}"
EndProject
Project("{9A19103F-16F7-4668-BE54-9A1E7A4F7556}") = "MES.Web", "MES.WEB\MES.Web.csproj", "{B6FEC0C4-86B8-453F-8C67-08B442683583}"
EndProject
Global
	GlobalSection(SolutionConfigurationPlatforms) = preSolution
		Debug|Any CPU = Debug|Any CPU
		Release|Any CPU = Release|Any CPU
	EndGlobalSection
	GlobalSection(ProjectConfigurationPlatforms) = postSolution
		{FBC22FF0-829F-4D03-9DC5-E6E6ED4D23A5}.Debug|Any CPU.ActiveCfg = Debug|Any CPU
		{FBC22FF0-829F-4D03-9DC5-E6E6ED4D23A5}.Debug|Any CPU.Build.0 = Debug|Any CPU
		{FBC22FF0-829F-4D03-9DC5-E6E6ED4D23A5}.Release|Any CPU.ActiveCfg = Debug|Any CPU
		{FBC22FF0-829F-4D03-9DC5-E6E6ED4D23A5}.Release|Any CPU.Build.0 = Debug|Any CPU
		{C2C556EF-5411-4436-82F5-4F7E2CF1461E}.Debug|Any CPU.ActiveCfg = Debug|Any CPU
		{C2C556EF-5411-4436-82F5-4F7E2CF1461E}.Debug|Any CPU.Build.0 = Debug|Any CPU
		{C2C556EF-5411-4436-82F5-4F7E2CF1461E}.Release|Any CPU.ActiveCfg = Debug|Any CPU
		{C2C556EF-5411-4436-82F5-4F7E2CF1461E}.Release|Any CPU.Build.0 = Debug|Any CPU
		{7ADDAB74-CF03-4C45-95F2-821E4D427CF9}.Debug|Any CPU.ActiveCfg = Debug|Any CPU
		{7ADDAB74-CF03-4C45-95F2-821E4D427CF9}.Debug|Any CPU.Build.0 = Debug|Any CPU
		{7ADDAB74-CF03-4C45-95F2-821E4D427CF9}.Release|Any CPU.ActiveCfg = Debug|Any CPU
		{7ADDAB74-CF03-4C45-95F2-821E4D427CF9}.Release|Any CPU.Build.0 = Debug|Any CPU
		{B6FEC0C4-86B8-453F-8C67-08B442683583}.Debug|Any CPU.ActiveCfg = Debug|Any CPU
		{B6FEC0C4-86B8-453F-8C67-08B442683583}.Debug|Any CPU.Build.0 = Debug|Any CPU
		{B6FEC0C4-86B8-453F-8C67-08B442683583}.Release|Any CPU.ActiveCfg = Debug|Any CPU
		{B6FEC0C4-86B8-453F-8C67-08B442683583}.Release|Any CPU.Build.0 = Debug|Any CPU
	EndGlobalSection
	GlobalSection(SolutionProperties) = preSolution
		HideSolutionNode = FALSE
	EndGlobalSection
	GlobalSection(ExtensibilityGlobals) = postSolution
		SolutionGuid = {1E240186-436C-4779-85F8-E87BEB363968}
	EndGlobalSection
EndGlobal
